
Microsoft Visual Studio Solution File, Format Version 12.00
# Visual Studio Version 17
VisualStudioVersion = 17.2.32616.157
MinimumVisualStudioVersion = 10.0.40219.1
Project("{FAE04EC0-301F-11D3-BF4B-00C04F79EFBC}") = "QuanLySV", "QuanLySV\QuanLySV.csproj", "{CAEA82CB-F5ED-4F0B-94BF-D617C7B45A75}"
EndProject
Global
	GlobalSection(SolutionConfigurationPlatforms) = preSolution
		Debug|Any CPU = Debug|Any CPU
		Release|Any CPU = Release|Any CPU
	EndGlobalSection
	GlobalSection(ProjectConfigurationPlatforms) = postSolution
		{CAEA82CB-F5ED-4F0B-94BF-D617C7B45A75}.Debug|Any CPU.ActiveCfg = Debug|Any CPU
		{CAEA82CB-F5ED-4F0B-94BF-D617C7B45A75}.Debug|Any CPU.Build.0 = Debug|Any CPU
		{CAEA82CB-F5ED-4F0B-94BF-D617C7B45A75}.Release|Any CPU.ActiveCfg = Release|Any CPU
		{CAEA82CB-F5ED-4F0B-94BF-D617C7B45A75}.Release|Any CPU.Build.0 = Release|Any CPU
	EndGlobalSection
	GlobalSection(SolutionProperties) = preSolution
		HideSolutionNode = FALSE
	EndGlobalSection
	GlobalSection(ExtensibilityGlobals) = postSolution
		SolutionGuid = {09242CB2-4F25-4C55-805B-60A15ABBC1C5}
	EndGlobalSection
EndGlobal
